{
  "name": "session-ws",
  "version": "1.1.1",
  "lockfileVersion": 1,
  "requires": true,
  "dependencies": {
    "aes256": {
      "version": "1.0.4",
      "resolved": "https://registry.npmjs.org/aes256/-/aes256-1.0.4.tgz",
      "integrity": "sha512-yuaKOdoKebChkP+uRsQovWsJYm6qf58cQTvXBu6MM0BMnrXZ9SXEiXREBuU513ZRr+Uo2qX/Ci6EODLUu/qiHA=="
    }
  }
}
